
Microsoft Visual Studio Solution File, Format Version 12.00
# Visual Studio Version 16
VisualStudioVersion = 16.0.32901.82
MinimumVisualStudioVersion = 10.0.40219.1
Project("{FAE04EC0-301F-11D3-BF4B-00C04F79EFBC}") = "MyProject", "MyProject\MyProject.csproj", "{E3066FE5-7684-4295-940F-5F1A6EFD4C7A}"
EndProject
Global
	GlobalSection(SolutionConfigurationPlatforms) = preSolution
		Debug|Any CPU = Debug|Any CPU
		Release|Any CPU = Release|Any CPU
	EndGlobalSection
	GlobalSection(ProjectConfigurationPlatforms) = postSolution
		{E3066FE5-7684-4295-940F-5F1A6EFD4C7A}.Debug|Any CPU.ActiveCfg = Debug|Any CPU
		{E3066FE5-7684-4295-940F-5F1A6EFD4C7A}.Debug|Any CPU.Build.0 = Debug|Any CPU
		{E3066FE5-7684-4295-940F-5F1A6EFD4C7A}.Release|Any CPU.ActiveCfg = Release|Any CPU
		{E3066FE5-7684-4295-940F-5F1A6EFD4C7A}.Release|Any CPU.Build.0 = Release|Any CPU
	EndGlobalSection
	GlobalSection(SolutionProperties) = preSolution
		HideSolutionNode = FALSE
	EndGlobalSection
	GlobalSection(ExtensibilityGlobals) = postSolution
		SolutionGuid = {584DB8AF-B60A-4583-81B1-398BEB734130}
	EndGlobalSection
EndGlobal
